
Microsoft Visual Studio Solution File, Format Version 12.00
# Visual Studio Version 16
VisualStudioVersion = 16.0.31025.194
MinimumVisualStudioVersion = 10.0.40219.1
Project("{FAE04EC0-301F-11D3-BF4B-00C04F79EFBC}") = "AirShipsTask2", "AirShipsTask2\AirShipsTask2.csproj", "{1A15CF40-580F-4721-BC9E-9660942FAC6E}"
EndProject
Global
	GlobalSection(SolutionConfigurationPlatforms) = preSolution
		Debug|Any CPU = Debug|Any CPU
		Release|Any CPU = Release|Any CPU
	EndGlobalSection
	GlobalSection(ProjectConfigurationPlatforms) = postSolution
		{1A15CF40-580F-4721-BC9E-9660942FAC6E}.Debug|Any CPU.ActiveCfg = Debug|Any CPU
		{1A15CF40-580F-4721-BC9E-9660942FAC6E}.Debug|Any CPU.Build.0 = Debug|Any CPU
		{1A15CF40-580F-4721-BC9E-9660942FAC6E}.Release|Any CPU.ActiveCfg = Release|Any CPU
		{1A15CF40-580F-4721-BC9E-9660942FAC6E}.Release|Any CPU.Build.0 = Release|Any CPU
	EndGlobalSection
	GlobalSection(SolutionProperties) = preSolution
		HideSolutionNode = FALSE
	EndGlobalSection
	GlobalSection(ExtensibilityGlobals) = postSolution
		SolutionGuid = {ED86D199-478E-4C79-922B-7CB2FA033092}
	EndGlobalSection
EndGlobal
